
Microsoft Visual Studio Solution File, Format Version 12.00
# Visual Studio 15
VisualStudioVersion = 15.0.28307.136
MinimumVisualStudioVersion = 10.0.40219.1
Project("{2150E333-8FDC-42A3-9474-1A3956D46DE8}") = "Web", "Web", "{85A52453-4DA9-4B32-A76C-30D3B34E6F94}"
EndProject
Project("{FAE04EC0-301F-11D3-BF4B-00C04F79EFBC}") = "FunApp.Web", "Web\FunApp.Web\FunApp.Web.csproj", "{FAA85426-7544-415F-BE59-38EC4BD29D3C}"
EndProject
Project("{2150E333-8FDC-42A3-9474-1A3956D46DE8}") = "Data", "Data", "{489B9DD3-1BB1-45CC-AAFB-E43A637B644B}"
EndProject
Project("{FAE04EC0-301F-11D3-BF4B-00C04F79EFBC}") = "FunApp.Data", "Data\FunApp.Data\FunApp.Data.csproj", "{7336CA8B-5C89-4866-B6DF-D24FC2B6E353}"
EndProject
Project("{FAE04EC0-301F-11D3-BF4B-00C04F79EFBC}") = "FunApp.Data.Models", "Data\FunApp.Data.Models\FunApp.Data.Models.csproj", "{3C09B5A8-F4C3-4F21-8427-C891F203AA0D}"
EndProject
Global
	GlobalSection(SolutionConfigurationPlatforms) = preSolution
		Debug|Any CPU = Debug|Any CPU
		Release|Any CPU = Release|Any CPU
	EndGlobalSection
	GlobalSection(ProjectConfigurationPlatforms) = postSolution
		{FAA85426-7544-415F-BE59-38EC4BD29D3C}.Debug|Any CPU.ActiveCfg = Debug|Any CPU
		{FAA85426-7544-415F-BE59-38EC4BD29D3C}.Debug|Any CPU.Build.0 = Debug|Any CPU
		{FAA85426-7544-415F-BE59-38EC4BD29D3C}.Release|Any CPU.ActiveCfg = Release|Any CPU
		{FAA85426-7544-415F-BE59-38EC4BD29D3C}.Release|Any CPU.Build.0 = Release|Any CPU
		{7336CA8B-5C89-4866-B6DF-D24FC2B6E353}.Debug|Any CPU.ActiveCfg = Debug|Any CPU
		{7336CA8B-5C89-4866-B6DF-D24FC2B6E353}.Debug|Any CPU.Build.0 = Debug|Any CPU
		{7336CA8B-5C89-4866-B6DF-D24FC2B6E353}.Release|Any CPU.ActiveCfg = Release|Any CPU
		{7336CA8B-5C89-4866-B6DF-D24FC2B6E353}.Release|Any CPU.Build.0 = Release|Any CPU
		{3C09B5A8-F4C3-4F21-8427-C891F203AA0D}.Debug|Any CPU.ActiveCfg = Debug|Any CPU
		{3C09B5A8-F4C3-4F21-8427-C891F203AA0D}.Debug|Any CPU.Build.0 = Debug|Any CPU
		{3C09B5A8-F4C3-4F21-8427-C891F203AA0D}.Release|Any CPU.ActiveCfg = Release|Any CPU
		{3C09B5A8-F4C3-4F21-8427-C891F203AA0D}.Release|Any CPU.Build.0 = Release|Any CPU
	EndGlobalSection
	GlobalSection(SolutionProperties) = preSolution
		HideSolutionNode = FALSE
	EndGlobalSection
	GlobalSection(NestedProjects) = preSolution
		{FAA85426-7544-415F-BE59-38EC4BD29D3C} = {85A52453-4DA9-4B32-A76C-30D3B34E6F94}
		{7336CA8B-5C89-4866-B6DF-D24FC2B6E353} = {489B9DD3-1BB1-45CC-AAFB-E43A637B644B}
		{3C09B5A8-F4C3-4F21-8427-C891F203AA0D} = {489B9DD3-1BB1-45CC-AAFB-E43A637B644B}
	EndGlobalSection
	GlobalSection(ExtensibilityGlobals) = postSolution
		SolutionGuid = {19478727-852A-4B00-A519-2A559CEEC326}
	EndGlobalSection
EndGlobal
